// !$*UTF8*$!
{
	archiveVersion = 1;
	classes = {
	};
	objectVersion = 56;
	objects = {

/* Begin PBXBuildFile section */
		EE91BE2729C531CF0007648E /* MechanicalPomodoroApp.swift in Sources */ = {isa = PBXBuildFile; fileRef = EE91BE2629C531CF0007648E /* MechanicalPomodoroApp.swift */; };
		EE91BE2929C531CF0007648E /* ContentView.swift in Sources */ = {isa = PBXBuildFile; fileRef = EE91BE2829C531CF0007648E /* ContentView.swift */; };
		EE91BE2B29C531D00007648E /* Assets.xcassets in Resources */ = {isa = PBXBuildFile; fileRef = EE91BE2A29C531D00007648E /* Assets.xcassets */; };
		EE91BE2F29C531D00007648E /* Preview Assets.xcassets in Resources */ = {isa = PBXBuildFile; fileRef = EE91BE2E29C531D00007648E /* Preview Assets.xcassets */; };
		EE91BE3929C531D00007648E /* MechanicalPomodoroTests.swift in Sources */ = {isa = PBXBuildFile; fileRef = EE91BE3829C531D00007648E /* MechanicalPomodoroTests.swift */; };
		EE91BE4329C531D00007648E /* MechanicalPomodoroUITests.swift in Sources */ = {isa = PBXBuildFile; fileRef = EE91BE4229C531D00007648E /* MechanicalPomodoroUITests.swift */; };
		EE91BE4529C531D00007648E /* MechanicalPomodoroUITestsLaunchTests.swift in Sources */ = {isa = PBXBuildFile; fileRef = EE91BE4429C531D00007648E /* MechanicalPomodoroUITestsLaunchTests.swift */; };
		EE91BE5229C827C50007648E /* BackgroundView.swift in Sources */ = {isa = PBXBuildFile; fileRef = EE91BE5129C827C50007648E /* BackgroundView.swift */; };
/* End PBXBuildFile section */

/* Begin PBXContainerItemProxy section */
		EE91BE3529C531D00007648E /* PBXContainerItemProxy */ = {
			isa = PBXContainerItemProxy;
			containerPortal = EE91BE1B29C531CF0007648E /* Project object */;
			proxyType = 1;
			remoteGlobalIDString = EE91BE2229C531CF0007648E;
			remoteInfo = MechanicalPomodoro;
		};
		EE91BE3F29C531D00007648E /* PBXContainerItemProxy */ = {
			isa = PBXContainerItemProxy;
			containerPortal = EE91BE1B29C531CF0007648E /* Project object */;
			proxyType = 1;
			remoteGlobalIDString = EE91BE2229C531CF0007648E;
			remoteInfo = MechanicalPomodoro;
		};
/* End PBXContainerItemProxy section */

/* Begin PBXFileReference section */
		EE91BE2329C531CF0007648E /* MechanicalPomodoro.app */ = {isa = PBXFileReference; explicitFileType = wrapper.application; includeInIndex = 0; path = MechanicalPomodoro.app; sourceTree = BUILT_PRODUCTS_DIR; };
		EE91BE2629C531CF0007648E /* MechanicalPomodoroApp.swift */ = {isa = PBXFileReference; lastKnownFileType = sourcecode.swift; path = MechanicalPomodoroApp.swift; sourceTree = "<group>"; };
		EE91BE2829C531CF0007648E /* ContentView.swift */ = {isa = PBXFileReference; lastKnownFileType = sourcecode.swift; path = ContentView.swift; sourceTree = "<group>"; };
		EE91BE2A29C531D00007648E /* Assets.xcassets */ = {isa = PBXFileReference; lastKnownFileType = folder.assetcatalog; path = Assets.xcassets; sourceTree = "<group>"; };
		EE91BE2C29C531D00007648E /* MechanicalPomodoro.entitlements */ = {isa = PBXFileReference; lastKnownFileType = text.plist.entitlements; path = MechanicalPomodoro.entitlements; sourceTree = "<group>"; };
		EE91BE2E29C531D00007648E /* Preview Assets.xcassets */ = {isa = PBXFileReference; lastKnownFileType = folder.assetcatalog; path = "Preview Assets.xcassets"; sourceTree = "<group>"; };
		EE91BE3429C531D00007648E /* MechanicalPomodoroTests.xctest */ = {isa = PBXFileReference; explicitFileType = wrapper.cfbundle; includeInIndex = 0; path = MechanicalPomodoroTests.xctest; sourceTree = BUILT_PRODUCTS_DIR; };
		EE91BE3829C531D00007648E /* MechanicalPomodoroTests.swift */ = {isa = PBXFileReference; lastKnownFileType = sourcecode.swift; path = MechanicalPomodoroTests.swift; sourceTree = "<group>"; };
		EE91BE3E29C531D00007648E /* MechanicalPomodoroUITests.xctest */ = {isa = PBXFileReference; explicitFileType = wrapper.cfbundle; includeInIndex = 0; path = MechanicalPomodoroUITests.xctest; sourceTree = BUILT_PRODUCTS_DIR; };
		EE91BE4229C531D00007648E /* MechanicalPomodoroUITests.swift */ = {isa = PBXFileReference; lastKnownFileType = sourcecode.swift; path = MechanicalPomodoroUITests.swift; sourceTree = "<group>"; };
		EE91BE4429C531D00007648E /* MechanicalPomodoroUITestsLaunchTests.swift */ = {isa = PBXFileReference; lastKnownFileType = sourcecode.swift; path = MechanicalPomodoroUITestsLaunchTests.swift; sourceTree = "<group>"; };
		EE91BE5129C827C50007648E /* BackgroundView.swift */ = {isa = PBXFileReference; lastKnownFileType = sourcecode.swift; path = BackgroundView.swift; sourceTree = "<group>"; };
/* End PBXFileReference section */

/* Begin PBXFrameworksBuildPhase section */
		EE91BE2029C531CF0007648E /* Frameworks */ = {
			isa = PBXFrameworksBuildPhase;
			buildActionMask = 2147483647;
			files = (
			);
			runOnlyForDeploymentPostprocessing = 0;
		};
		EE91BE3129C531D00007648E /* Frameworks */ = {
			isa = PBXFrameworksBuildPhase;
			buildActionMask = 2147483647;
			files = (
			);
			runOnlyForDeploymentPostprocessing = 0;
		};
		EE91BE3B29C531D00007648E /* Frameworks */ = {
			isa = PBXFrameworksBuildPhase;
			buildActionMask = 2147483647;
			files = (
			);
			runOnlyForDeploymentPostprocessing = 0;
		};
/* End PBXFrameworksBuildPhase section */

/* Begin PBXGroup section */
		EE91BE1A29C531CF0007648E = {
			isa = PBXGroup;
			children = (
				EE91BE2529C531CF0007648E /* MechanicalPomodoro */,
				EE91BE3729C531D00007648E /* MechanicalPomodoroTests */,
				EE91BE4129C531D00007648E /* MechanicalPomodoroUITests */,
				EE91BE2429C531CF0007648E /* Products */,
			);
			sourceTree = "<group>";
		};
		EE91BE2429C531CF0007648E /* Products */ = {
			isa = PBXGroup;
			children = (
				EE91BE2329C531CF0007648E /* MechanicalPomodoro.app */,
				EE91BE3429C531D00007648E /* MechanicalPomodoroTests.xctest */,
				EE91BE3E29C531D00007648E /* MechanicalPomodoroUITests.xctest */,
			);
			name = Products;
			sourceTree = "<group>";
		};
		EE91BE2529C531CF0007648E /* MechanicalPomodoro */ = {
			isa = PBXGroup;
			children = (
				EE91BE2629C531CF0007648E /* MechanicalPomodoroApp.swift */,
				EE91BE5129C827C50007648E /* BackgroundView.swift */,
				EE91BE2829C531CF0007648E /* ContentView.swift */,
				EE91BE2A29C531D00007648E /* Assets.xcassets */,
				EE91BE2C29C531D00007648E /* MechanicalPomodoro.entitlements */,
				EE91BE2D29C531D00007648E /* Preview Content */,
			);
			path = MechanicalPomodoro;
			sourceTree = "<group>";
		};
		EE91BE2D29C531D00007648E /* Preview Content */ = {
			isa = PBXGroup;
			children = (
				EE91BE2E29C531D00007648E /* Preview Assets.xcassets */,
			);
			path = "Preview Content";
			sourceTree = "<group>";
		};
		EE91BE3729C531D00007648E /* MechanicalPomodoroTests */ = {
			isa = PBXGroup;
			children = (
				EE91BE3829C531D00007648E /* MechanicalPomodoroTests.swift */,
			);
			path = MechanicalPomodoroTests;
			sourceTree = "<group>";
		};
		EE91BE4129C531D00007648E /* MechanicalPomodoroUITests */ = {
			isa = PBXGroup;
			children = (
				EE91BE4229C531D00007648E /* MechanicalPomodoroUITests.swift */,
				EE91BE4429C531D00007648E /* MechanicalPomodoroUITestsLaunchTests.swift */,
			);
			path = MechanicalPomodoroUITests;
			sourceTree = "<group>";
		};
/* End PBXGroup section */

/* Begin PBXNativeTarget section */
		EE91BE2229C531CF0007648E /* MechanicalPomodoro */ = {
			isa = PBXNativeTarget;
			buildConfigurationList = EE91BE4829C531D00007648E /* Build configuration list for PBXNativeTarget "MechanicalPomodoro" */;
			buildPhases = (
				EE91BE1F29C531CF0007648E /* Sources */,
				EE91BE2029C531CF0007648E /* Frameworks */,
				EE91BE2129C531CF0007648E /* Resources */,
			);
			buildRules = (
			);
			dependencies = (
			);
			name = MechanicalPomodoro;
			productName = MechanicalPomodoro;
			productReference = EE91BE2329C531CF0007648E /* MechanicalPomodoro.app */;
			productType = "com.apple.product-type.application";
		};
		EE91BE3329C531D00007648E /* MechanicalPomodoroTests */ = {
			isa = PBXNativeTarget;
			buildConfigurationList = EE91BE4B29C531D00007648E /* Build configuration list for PBXNativeTarget "MechanicalPomodoroTests" */;
			buildPhases = (
				EE91BE3029C531D00007648E /* Sources */,
				EE91BE3129C531D00007648E /* Frameworks */,
				EE91BE3229C531D00007648E /* Resources */,
			);
			buildRules = (
			);
			dependencies = (
				EE91BE3629C531D00007648E /* PBXTargetDependency */,
			);
			name = MechanicalPomodoroTests;
			productName = MechanicalPomodoroTests;
			productReference = EE91BE3429C531D00007648E /* MechanicalPomodoroTests.xctest */;
			productType = "com.apple.product-type.bundle.unit-test";
		};
		EE91BE3D29C531D00007648E /* MechanicalPomodoroUITests */ = {
			isa = PBXNativeTarget;
			buildConfigurationList = EE91BE4E29C531D00007648E /* Build configuration list for PBXNativeTarget "MechanicalPomodoroUITests" */;
			buildPhases = (
				EE91BE3A29C531D00007648E /* Sources */,
				EE91BE3B29C531D00007648E /* Frameworks */,
				EE91BE3C29C531D00007648E /* Resources */,
			);
			buildRules = (
			);
			dependencies = (
				EE91BE4029C531D00007648E /* PBXTargetDependency */,
			);
			name = MechanicalPomodoroUITests;
			productName = MechanicalPomodoroUITests;
			productReference = EE91BE3E29C531D00007648E /* MechanicalPomodoroUITests.xctest */;
			productType = "com.apple.product-type.bundle.ui-testing";
		};
/* End PBXNativeTarget section */

/* Begin PBXProject section */
		EE91BE1B29C531CF0007648E /* Project object */ = {
			isa = PBXProject;
			attributes = {
				BuildIndependentTargetsInParallel = 1;
				LastSwiftUpdateCheck = 1420;
				LastUpgradeCheck = 1420;
				TargetAttributes = {
					EE91BE2229C531CF0007648E = {
						CreatedOnToolsVersion = 14.2;
					};
					EE91BE3329C531D00007648E = {
						CreatedOnToolsVersion = 14.2;
						TestTargetID = EE91BE2229C531CF0007648E;
					};
					EE91BE3D29C531D00007648E = {
						CreatedOnToolsVersion = 14.2;
						TestTargetID = EE91BE2229C531CF0007648E;
					};
				};
			};
			buildConfigurationList = EE91BE1E29C531CF0007648E /* Build configuration list for PBXProject "MechanicalPomodoro" */;
			compatibilityVersion = "Xcode 14.0";
			developmentRegion = en;
			hasScannedForEncodings = 0;
			knownRegions = (
				en,
				Base,
			);
			mainGroup = EE91BE1A29C531CF0007648E;
			productRefGroup = EE91BE2429C531CF0007648E /* Products */;
			projectDirPath = "";
			projectRoot = "";
			targets = (
				EE91BE2229C531CF0007648E /* MechanicalPomodoro */,
				EE91BE3329C531D00007648E /* MechanicalPomodoroTests */,
				EE91BE3D29C531D00007648E /* MechanicalPomodoroUITests */,
			);
		};
/* End PBXProject section */

/* Begin PBXResourcesBuildPhase section */
		EE91BE2129C531CF0007648E /* Resources */ = {
			isa = PBXResourcesBuildPhase;
			buildActionMask = 2147483647;
			files = (
				EE91BE2F29C531D00007648E /* Preview Assets.xcassets in Resources */,
				EE91BE2B29C531D00007648E /* Assets.xcassets in Resources */,
			);
			runOnlyForDeploymentPostprocessing = 0;
		};
		EE91BE3229C531D00007648E /* Resources */ = {
			isa = PBXResourcesBuildPhase;
			buildActionMask = 2147483647;
			files = (
			);
			runOnlyForDeploymentPostprocessing = 0;
		};
		EE91BE3C29C531D00007648E /* Resources */ = {
			isa = PBXResourcesBuildPhase;
			buildActionMask = 2147483647;
			files = (
			);
			runOnlyForDeploymentPostprocessing = 0;
		};
/* End PBXResourcesBuildPhase section */

/* Begin PBXSourcesBuildPhase section */
		EE91BE1F29C531CF0007648E /* Sources */ = {
			isa = PBXSourcesBuildPhase;
			buildActionMask = 2147483647;
			files = (
				EE91BE5229C827C50007648E /* BackgroundView.swift in Sources */,
				EE91BE2929C531CF0007648E /* ContentView.swift in Sources */,
				EE91BE2729C531CF0007648E /* MechanicalPomodoroApp.swift in Sources */,
			);
			runOnlyForDeploymentPostprocessing = 0;
		};
		EE91BE3029C531D00007648E /* Sources */ = {
			isa = PBXSourcesBuildPhase;
			buildActionMask = 2147483647;
			files = (
				EE91BE3929C531D00007648E /* MechanicalPomodoroTests.swift in Sources */,
			);
			runOnlyForDeploymentPostprocessing = 0;
		};
		EE91BE3A29C531D00007648E /* Sources */ = {
			isa = PBXSourcesBuildPhase;
			buildActionMask = 2147483647;
			files = (
				EE91BE4529C531D00007648E /* MechanicalPomodoroUITestsLaunchTests.swift in Sources */,
				EE91BE4329C531D00007648E /* MechanicalPomodoroUITests.swift in Sources */,
			);
			runOnlyForDeploymentPostprocessing = 0;
		};
/* End PBXSourcesBuildPhase section */

/* Begin PBXTargetDependency section */
		EE91BE3629C531D00007648E /* PBXTargetDependency */ = {
			isa = PBXTargetDependency;
			target = EE91BE2229C531CF0007648E /* MechanicalPomodoro */;
			targetProxy = EE91BE3529C531D00007648E /* PBXContainerItemProxy */;
		};
		EE91BE4029C531D00007648E /* PBXTargetDependency */ = {
			isa = PBXTargetDependency;
			target = EE91BE2229C531CF0007648E /* MechanicalPomodoro */;
			targetProxy = EE91BE3F29C531D00007648E /* PBXContainerItemProxy */;
		};
/* End PBXTargetDependency section */

/* Begin XCBuildConfiguration section */
		EE91BE4629C531D00007648E /* Debug */ = {
			isa = XCBuildConfiguration;
			buildSettings = {
				ALWAYS_SEARCH_USER_PATHS = NO;
				CLANG_ANALYZER_NONNULL = YES;
				CLANG_ANALYZER_NUMBER_OBJECT_CONVERSION = YES_AGGRESSIVE;
				CLANG_CXX_LANGUAGE_STANDARD = "gnu++20";
				CLANG_ENABLE_MODULES = YES;
				CLANG_ENABLE_OBJC_ARC = YES;
				CLANG_ENABLE_OBJC_WEAK = YES;
				CLANG_WARN_BLOCK_CAPTURE_AUTORELEASING = YES;
				CLANG_WARN_BOOL_CONVERSION = YES;
				CLANG_WARN_COMMA = YES;
				CLANG_WARN_CONSTANT_CONVERSION = YES;
				CLANG_WARN_DEPRECATED_OBJC_IMPLEMENTATIONS = YES;
				CLANG_WARN_DIRECT_OBJC_ISA_USAGE = YES_ERROR;
				CLANG_WARN_DOCUMENTATION_COMMENTS = YES;
				CLANG_WARN_EMPTY_BODY = YES;
				CLANG_WARN_ENUM_CONVERSION = YES;
				CLANG_WARN_INFINITE_RECURSION = YES;
				CLANG_WARN_INT_CONVERSION = YES;
				CLANG_WARN_NON_LITERAL_NULL_CONVERSION = YES;
				CLANG_WARN_OBJC_IMPLICIT_RETAIN_SELF = YES;
				CLANG_WARN_OBJC_LITERAL_CONVERSION = YES;
				CLANG_WARN_OBJC_ROOT_CLASS = YES_ERROR;
				CLANG_WARN_QUOTED_INCLUDE_IN_FRAMEWORK_HEADER = YES;
				CLANG_WARN_RANGE_LOOP_ANALYSIS = YES;
				CLANG_WARN_STRICT_PROTOTYPES = YES;
				CLANG_WARN_SUSPICIOUS_MOVE = YES;
				CLANG_WARN_UNGUARDED_AVAILABILITY = YES_AGGRESSIVE;
				CLANG_WARN_UNREACHABLE_CODE = YES;
				CLANG_WARN__DUPLICATE_METHOD_MATCH = YES;
				COPY_PHASE_STRIP = NO;
				DEBUG_INFORMATION_FORMAT = dwarf;
				ENABLE_STRICT_OBJC_MSGSEND = YES;
				ENABLE_TESTABILITY = YES;
				GCC_C_LANGUAGE_STANDARD = gnu11;
				GCC_DYNAMIC_NO_PIC = NO;
				GCC_NO_COMMON_BLOCKS = YES;
				GCC_OPTIMIZATION_LEVEL = 0;
				GCC_PREPROCESSOR_DEFINITIONS = (
					"DEBUG=1",
					"$(inherited)",
				);
				GCC_WARN_64_TO_32_BIT_CONVERSION = YES;
				GCC_WARN_ABOUT_RETURN_TYPE = YES_ERROR;
				GCC_WARN_UNDECLARED_SELECTOR = YES;
				GCC_WARN_UNINITIALIZED_AUTOS = YES_AGGRESSIVE;
				GCC_WARN_UNUSED_FUNCTION = YES;
				GCC_WARN_UNUSED_VARIABLE = YES;
				MTL_ENABLE_DEBUG_INFO = INCLUDE_SOURCE;
				MTL_FAST_MATH = YES;
				ONLY_ACTIVE_ARCH = YES;
				SWIFT_ACTIVE_COMPILATION_CONDITIONS = DEBUG;
				SWIFT_OPTIMIZATION_LEVEL = "-Onone";
			};
			name = Debug;
		};
		EE91BE4729C531D00007648E /* Release */ = {
			isa = XCBuildConfiguration;
			buildSettings = {
				ALWAYS_SEARCH_USER_PATHS = NO;
				CLANG_ANALYZER_NONNULL = YES;
				CLANG_ANALYZER_NUMBER_OBJECT_CONVERSION = YES_AGGRESSIVE;
				CLANG_CXX_LANGUAGE_STANDARD = "gnu++20";
				CLANG_ENABLE_MODULES = YES;
				CLANG_ENABLE_OBJC_ARC = YES;
				CLANG_ENABLE_OBJC_WEAK = YES;
				CLANG_WARN_BLOCK_CAPTURE_AUTORELEASING = YES;
				CLANG_WARN_BOOL_CONVERSION = YES;
				CLANG_WARN_COMMA = YES;
				CLANG_WARN_CONSTANT_CONVERSION = YES;
				CLANG_WARN_DEPRECATED_OBJC_IMPLEMENTATIONS = YES;
				CLANG_WARN_DIRECT_OBJC_ISA_USAGE = YES_ERROR;
				CLANG_WARN_DOCUMENTATION_COMMENTS = YES;
				CLANG_WARN_EMPTY_BODY = YES;
				CLANG_WARN_ENUM_CONVERSION = YES;
				CLANG_WARN_INFINITE_RECURSION = YES;
				CLANG_WARN_INT_CONVERSION = YES;
				CLANG_WARN_NON_LITERAL_NULL_CONVERSION = YES;
				CLANG_WARN_OBJC_IMPLICIT_RETAIN_SELF = YES;
				CLANG_WARN_OBJC_LITERAL_CONVERSION = YES;
				CLANG_WARN_OBJC_ROOT_CLASS = YES_ERROR;
				CLANG_WARN_QUOTED_INCLUDE_IN_FRAMEWORK_HEADER = YES;
				CLANG_WARN_RANGE_LOOP_ANALYSIS = YES;
				CLANG_WARN_STRICT_PROTOTYPES = YES;
				CLANG_WARN_SUSPICIOUS_MOVE = YES;
				CLANG_WARN_UNGUARDED_AVAILABILITY = YES_AGGRESSIVE;
				CLANG_WARN_UNREACHABLE_CODE = YES;
				CLANG_WARN__DUPLICATE_METHOD_MATCH = YES;
				COPY_PHASE_STRIP = NO;
				DEBUG_INFORMATION_FORMAT = "dwarf-with-dsym";
				ENABLE_NS_ASSERTIONS = NO;
				ENABLE_STRICT_OBJC_MSGSEND = YES;
				GCC_C_LANGUAGE_STANDARD = gnu11;
				GCC_NO_COMMON_BLOCKS = YES;
				GCC_WARN_64_TO_32_BIT_CONVERSION = YES;
				GCC_WARN_ABOUT_RETURN_TYPE = YES_ERROR;
				GCC_WARN_UNDECLARED_SELECTOR = YES;
				GCC_WARN_UNINITIALIZED_AUTOS = YES_AGGRESSIVE;
				GCC_WARN_UNUSED_FUNCTION = YES;
				GCC_WARN_UNUSED_VARIABLE = YES;
				MTL_ENABLE_DEBUG_INFO = NO;
				MTL_FAST_MATH = YES;
				SWIFT_COMPILATION_MODE = wholemodule;
				SWIFT_OPTIMIZATION_LEVEL = "-O";
			};
			name = Release;
		};
		EE91BE4929C531D00007648E /* Debug */ = {
			isa = XCBuildConfiguration;
			buildSettings = {
				ASSETCATALOG_COMPILER_APPICON_NAME = AppIcon;
				ASSETCATALOG_COMPILER_GLOBAL_ACCENT_COLOR_NAME = AccentColor;
				CODE_SIGN_ENTITLEMENTS = MechanicalPomodoro/MechanicalPomodoro.entitlements;
				CODE_SIGN_STYLE = Automatic;
				CURRENT_PROJECT_VERSION = 1;
				DEVELOPMENT_ASSET_PATHS = "\"MechanicalPomodoro/Preview Content\"";
				ENABLE_PREVIEWS = YES;
				GENERATE_INFOPLIST_FILE = YES;
				"INFOPLIST_KEY_UIApplicationSceneManifest_Generation[sdk=iphoneos*]" = YES;
				"INFOPLIST_KEY_UIApplicationSceneManifest_Generation[sdk=iphonesimulator*]" = YES;
				"INFOPLIST_KEY_UIApplicationSupportsIndirectInputEvents[sdk=iphoneos*]" = YES;
				"INFOPLIST_KEY_UIApplicationSupportsIndirectInputEvents[sdk=iphonesimulator*]" = YES;
				"INFOPLIST_KEY_UILaunchScreen_Generation[sdk=iphoneos*]" = YES;
				"INFOPLIST_KEY_UILaunchScreen_Generation[sdk=iphonesimulator*]" = YES;
				"INFOPLIST_KEY_UIStatusBarStyle[sdk=iphoneos*]" = UIStatusBarStyleDefault;
				"INFOPLIST_KEY_UIStatusBarStyle[sdk=iphonesimulator*]" = UIStatusBarStyleDefault;
				INFOPLIST_KEY_UISupportedInterfaceOrientations_iPad = "UIInterfaceOrientationPortrait UIInterfaceOrientationPortraitUpsideDown UIInterfaceOrientationLandscapeLeft UIInterfaceOrientationLandscapeRight";
				INFOPLIST_KEY_UISupportedInterfaceOrientations_iPhone = "UIInterfaceOrientationPortrait UIInterfaceOrientationLandscapeLeft UIInterfaceOrientationLandscapeRight";
				IPHONEOS_DEPLOYMENT_TARGET = 16.2;
				LD_RUNPATH_SEARCH_PATHS = "@executable_path/Frameworks";
				"LD_RUNPATH_SEARCH_PATHS[sdk=macosx*]" = "@executable_path/../Frameworks";
				MACOSX_DEPLOYMENT_TARGET = 13.1;
				MARKETING_VERSION = 1.0;
				PRODUCT_BUNDLE_IDENTIFIER = khai.MechanicalPomodoro;
				PRODUCT_NAME = "$(TARGET_NAME)";
				SDKROOT = auto;
				SUPPORTED_PLATFORMS = "iphoneos iphonesimulator macosx";
				SWIFT_EMIT_LOC_STRINGS = YES;
				SWIFT_VERSION = 5.0;
				TARGETED_DEVICE_FAMILY = "1,2";
			};
			name = Debug;
		};
		EE91BE4A29C531D00007648E /* Release */ = {
			isa = XCBuildConfiguration;
			buildSettings = {
				ASSETCATALOG_COMPILER_APPICON_NAME = AppIcon;
				ASSETCATALOG_COMPILER_GLOBAL_ACCENT_COLOR_NAME = AccentColor;
				CODE_SIGN_ENTITLEMENTS = MechanicalPomodoro/MechanicalPomodoro.entitlements;
				CODE_SIGN_STYLE = Automatic;
				CURRENT_PROJECT_VERSION = 1;
				DEVELOPMENT_ASSET_PATHS = "\"MechanicalPomodoro/Preview Content\"";
				ENABLE_PREVIEWS = YES;
				GENERATE_INFOPLIST_FILE = YES;
				"INFOPLIST_KEY_UIApplicationSceneManifest_Generation[sdk=iphoneos*]" = YES;
				"INFOPLIST_KEY_UIApplicationSceneManifest_Generation[sdk=iphonesimulator*]" = YES;
				"INFOPLIST_KEY_UIApplicationSupportsIndirectInputEvents[sdk=iphoneos*]" = YES;
				"INFOPLIST_KEY_UIApplicationSupportsIndirectInputEvents[sdk=iphonesimulator*]" = YES;
				"INFOPLIST_KEY_UILaunchScreen_Generation[sdk=iphoneos*]" = YES;
				"INFOPLIST_KEY_UILaunchScreen_Generation[sdk=iphonesimulator*]" = YES;
				"INFOPLIST_KEY_UIStatusBarStyle[sdk=iphoneos*]" = UIStatusBarStyleDefault;
				"INFOPLIST_KEY_UIStatusBarStyle[sdk=iphonesimulator*]" = UIStatusBarStyleDefault;
				INFOPLIST_KEY_UISupportedInterfaceOrientations_iPad = "UIInterfaceOrientationPortrait UIInterfaceOrientationPortraitUpsideDown UIInterfaceOrientationLandscapeLeft UIInterfaceOrientationLandscapeRight";
				INFOPLIST_KEY_UISupportedInterfaceOrientations_iPhone = "UIInterfaceOrientationPortrait UIInterfaceOrientationLandscapeLeft UIInterfaceOrientationLandscapeRight";
				IPHONEOS_DEPLOYMENT_TARGET = 16.2;
				LD_RUNPATH_SEARCH_PATHS = "@executable_path/Frameworks";
				"LD_RUNPATH_SEARCH_PATHS[sdk=macosx*]" = "@executable_path/../Frameworks";
				MACOSX_DEPLOYMENT_TARGET = 13.1;
				MARKETING_VERSION = 1.0;
				PRODUCT_BUNDLE_IDENTIFIER = khai.MechanicalPomodoro;
				PRODUCT_NAME = "$(TARGET_NAME)";
				SDKROOT = auto;
				SUPPORTED_PLATFORMS = "iphoneos iphonesimulator macosx";
				SWIFT_EMIT_LOC_STRINGS = YES;
				SWIFT_VERSION = 5.0;
				TARGETED_DEVICE_FAMILY = "1,2";
			};
			name = Release;
		};
		EE91BE4C29C531D00007648E /* Debug */ = {
			isa = XCBuildConfiguration;
			buildSettings = {
				ALWAYS_EMBED_SWIFT_STANDARD_LIBRARIES = YES;
				BUNDLE_LOADER = "$(TEST_HOST)";
				CODE_SIGN_STYLE = Automatic;
				CURRENT_PROJECT_VERSION = 1;
				GENERATE_INFOPLIST_FILE = YES;
				IPHONEOS_DEPLOYMENT_TARGET = 16.2;
				MACOSX_DEPLOYMENT_TARGET = 13.1;
				MARKETING_VERSION = 1.0;
				PRODUCT_BUNDLE_IDENTIFIER = khai.MechanicalPomodoroTests;
				PRODUCT_NAME = "$(TARGET_NAME)";
				SDKROOT = auto;
				SUPPORTED_PLATFORMS = "iphoneos iphonesimulator macosx";
				SWIFT_EMIT_LOC_STRINGS = NO;
				SWIFT_VERSION = 5.0;
				TARGETED_DEVICE_FAMILY = "1,2";
				TEST_HOST = "$(BUILT_PRODUCTS_DIR)/MechanicalPomodoro.app/$(BUNDLE_EXECUTABLE_FOLDER_PATH)/MechanicalPomodoro";
			};
			name = Debug;
		};
		EE91BE4D29C531D00007648E /* Release */ = {
			isa = XCBuildConfiguration;
			buildSettings = {
				ALWAYS_EMBED_SWIFT_STANDARD_LIBRARIES = YES;
				BUNDLE_LOADER = "$(TEST_HOST)";
				CODE_SIGN_STYLE = Automatic;
				CURRENT_PROJECT_VERSION = 1;
				GENERATE_INFOPLIST_FILE = YES;
				IPHONEOS_DEPLOYMENT_TARGET = 16.2;
				MACOSX_DEPLOYMENT_TARGET = 13.1;
				MARKETING_VERSION = 1.0;
				PRODUCT_BUNDLE_IDENTIFIER = khai.MechanicalPomodoroTests;
				PRODUCT_NAME = "$(TARGET_NAME)";
				SDKROOT = auto;
				SUPPORTED_PLATFORMS = "iphoneos iphonesimulator macosx";
				SWIFT_EMIT_LOC_STRINGS = NO;
				SWIFT_VERSION = 5.0;
				TARGETED_DEVICE_FAMILY = "1,2";
				TEST_HOST = "$(BUILT_PRODUCTS_DIR)/MechanicalPomodoro.app/$(BUNDLE_EXECUTABLE_FOLDER_PATH)/MechanicalPomodoro";
			};
			name = Release;
		};
		EE91BE4F29C531D00007648E /* Debug */ = {
			isa = XCBuildConfiguration;
			buildSettings = {
				ALWAYS_EMBED_SWIFT_STANDARD_LIBRARIES = YES;
				CODE_SIGN_STYLE = Automatic;
				CURRENT_PROJECT_VERSION = 1;
				GENERATE_INFOPLIST_FILE = YES;
				IPHONEOS_DEPLOYMENT_TARGET = 16.2;
				MACOSX_DEPLOYMENT_TARGET = 13.1;
				MARKETING_VERSION = 1.0;
				PRODUCT_BUNDLE_IDENTIFIER = khai.MechanicalPomodoroUITests;
				PRODUCT_NAME = "$(TARGET_NAME)";
				SDKROOT = auto;
				SUPPORTED_PLATFORMS = "iphoneos iphonesimulator macosx";
				SWIFT_EMIT_LOC_STRINGS = NO;
				SWIFT_VERSION = 5.0;
				TARGETED_DEVICE_FAMILY = "1,2";
				TEST_TARGET_NAME = MechanicalPomodoro;
			};
			name = Debug;
		};
		EE91BE5029C531D00007648E /* Release */ = {
			isa = XCBuildConfiguration;
			buildSettings = {
				ALWAYS_EMBED_SWIFT_STANDARD_LIBRARIES = YES;
				CODE_SIGN_STYLE = Automatic;
				CURRENT_PROJECT_VERSION = 1;
				GENERATE_INFOPLIST_FILE = YES;
				IPHONEOS_DEPLOYMENT_TARGET = 16.2;
				MACOSX_DEPLOYMENT_TARGET = 13.1;
				MARKETING_VERSION = 1.0;
				PRODUCT_BUNDLE_IDENTIFIER = khai.MechanicalPomodoroUITests;
				PRODUCT_NAME = "$(TARGET_NAME)";
				SDKROOT = auto;
				SUPPORTED_PLATFORMS = "iphoneos iphonesimulator macosx";
				SWIFT_EMIT_LOC_STRINGS = NO;
				SWIFT_VERSION = 5.0;
				TARGETED_DEVICE_FAMILY = "1,2";
				TEST_TARGET_NAME = MechanicalPomodoro;
			};
			name = Release;
		};
/* End XCBuildConfiguration section */

/* Begin XCConfigurationList section */
		EE91BE1E29C531CF0007648E /* Build configuration list for PBXProject "MechanicalPomodoro" */ = {
			isa = XCConfigurationList;
			buildConfigurations = (
				EE91BE4629C531D00007648E /* Debug */,
				EE91BE4729C531D00007648E /* Release */,
			);
			defaultConfigurationIsVisible = 0;
			defaultConfigurationName = Release;
		};
		EE91BE4829C531D00007648E /* Build configuration list for PBXNativeTarget "MechanicalPomodoro" */ = {
			isa = XCConfigurationList;
			buildConfigurations = (
				EE91BE4929C531D00007648E /* Debug */,
				EE91BE4A29C531D00007648E /* Release */,
			);
			defaultConfigurationIsVisible = 0;
			defaultConfigurationName = Release;
		};
		EE91BE4B29C531D00007648E /* Build configuration list for PBXNativeTarget "MechanicalPomodoroTests" */ = {
			isa = XCConfigurationList;
			buildConfigurations = (
				EE91BE4C29C531D00007648E /* Debug */,
				EE91BE4D29C531D00007648E /* Release */,
			);
			defaultConfigurationIsVisible = 0;
			defaultConfigurationName = Release;
		};
		EE91BE4E29C531D00007648E /* Build configuration list for PBXNativeTarget "MechanicalPomodoroUITests" */ = {
			isa = XCConfigurationList;
			buildConfigurations = (
				EE91BE4F29C531D00007648E /* Debug */,
				EE91BE5029C531D00007648E /* Release */,
			);
			defaultConfigurationIsVisible = 0;
			defaultConfigurationName = Release;
		};
/* End XCConfigurationList section */
	};
	rootObject = EE91BE1B29C531CF0007648E /* Project object */;
}
